<Solution>
  <Folder Name="/Solution Items/">
    <File Path="Assesment_Info.txt" />
  </Folder>
  <Project Path="Application/Application.csproj" />
  <Project Path="Domain/Domain.csproj" />
  <Project Path="Infrastructure/Infrastructure.csproj" />
  <Project Path="Web/Web.csproj" />
  <Project Path="WebApi/WebApi.csproj" />
</Solution>
